
Microsoft Visual Studio Solution File, Format Version 12.00
# Visual Studio 15
VisualStudioVersion = 15.0.27428.2011
MinimumVisualStudioVersion = 10.0.40219.1
Project("{888888A0-9F3D-457C-B088-3A5042F75D52}") = "Website", "Website.pyproj", "{091F8C83-44CD-41F4-8041-2FDA57F140DD}"
EndProject
Global
	GlobalSection(SolutionConfigurationPlatforms) = preSolution
		Debug|Any CPU = Debug|Any CPU
		Release|Any CPU = Release|Any CPU
	EndGlobalSection
	GlobalSection(ProjectConfigurationPlatforms) = postSolution
		{091F8C83-44CD-41F4-8041-2FDA57F140DD}.Debug|Any CPU.ActiveCfg = Debug|Any CPU
		{091F8C83-44CD-41F4-8041-2FDA57F140DD}.Debug|Any CPU.Build.0 = Debug|Any CPU
		{091F8C83-44CD-41F4-8041-2FDA57F140DD}.Release|Any CPU.ActiveCfg = Release|Any CPU
		{091F8C83-44CD-41F4-8041-2FDA57F140DD}.Release|Any CPU.Build.0 = Release|Any CPU
	EndGlobalSection
	GlobalSection(SolutionProperties) = preSolution
		HideSolutionNode = FALSE
	EndGlobalSection
	GlobalSection(ExtensibilityGlobals) = postSolution
		SolutionGuid = {66812855-AF15-46EA-97AA-B2CFEA1AA54F}
	EndGlobalSection
EndGlobal
